{
  "name": "soop-login-only",
  "version": "1.0.0",
  "lockfileVersion": 2,
  "requires": true,
  "packages": {
    "": {
      "name": "soop-login-only",
      "version": "1.0.0",
      "dependencies": {
        "axios": "0.27.2",
        "axios-cookiejar-support": "^1.0.1",
        "tough-cookie": "^4.1.2",
        "express": "^4.18.2",
        "body-parser": "^1.20.2"
      }
    }
  },
  "dependencies": {
    "axios": {
      "version": "0.27.2",
      "resolved": "https://registry.npmjs.org/axios/-/axios-0.27.2.tgz",
      "integrity": "sha512-FAKEHASH",
      "requires": {
        "follow-redirects": "^1.14.9"
      }
    },
    "axios-cookiejar-support": {
      "version": "1.0.1",
      "resolved": "https://registry.npmjs.org/axios-cookiejar-support/-/axios-cookiejar-support-1.0.1.tgz",
      "integrity": "sha512-FAKEHASH",
      "requires": {
        "tough-cookie": "^4.0.0"
      }
    },
    "tough-cookie": {
      "version": "4.1.2",
      "resolved": "https://registry.npmjs.org/tough-cookie/-/tough-cookie-4.1.2.tgz",
      "integrity": "sha512-FAKEHASH"
    },
    "express": {
      "version": "4.18.2",
      "resolved": "https://registry.npmjs.org/express/-/express-4.18.2.tgz",
      "integrity": "sha512-FAKEHASH"
    },
    "body-parser": {
      "version": "1.20.2",
      "resolved": "https://registry.npmjs.org/body-parser/-/body-parser-1.20.2.tgz",
      "integrity": "sha512-FAKEHASH"
    }
  }
}
