{
  "name": "soop-proxy-server",
  "version": "1.0.0",
  "lockfileVersion": 2,
  "requires": true,
  "packages": {
    "": {
      "name": "soop-proxy-server",
      "version": "1.0.0",
      "dependencies": {
        "axios": "0.27.2",
        "axios-cookiejar-support": "^1.0.1",
        "body-parser": "^1.20.2",
        "cookie-parser": "^1.4.6",
        "express": "^4.18.2",
        "tough-cookie": "^4.1.3",
        "ws": "^8.13.0"
      }
    },
    "node_modules/axios": {
      "version": "0.27.2",
      "resolved": "https://registry.npmjs.org/axios/-/axios-0.27.2.tgz",
      "integrity": "sha512-odNmoc1XJy5x1TMVMdCwVa0Z9V/mKaFvRzv6GyCvJs+Db3F+pCzmvLAZJ9RuD9OmrZE3zQ5cZ77pD+S4yoNn/g=="
    },
    "node_modules/axios-cookiejar-support": {
      "version": "1.0.1",
      "resolved": "https://registry.npmjs.org/axios-cookiejar-support/-/axios-cookiejar-support-1.0.1.tgz",
      "integrity": "sha512-BSU5u2bIGJ20mvmWzXWpIbkQMS7nqaRfCynhkZtH36AQQ3YKT81nJHxR/0sZ7t0yRaD/nqOWRQ3fglZXlBzD9g=="
    },
    "node_modules/body-parser": {
      "version": "1.20.2",
      "resolved": "https://registry.npmjs.org/body-parser/-/body-parser-1.20.2.tgz",
      "integrity": "sha512-... (omitted for brevity)"
    },
    "node_modules/cookie-parser": {
      "version": "1.4.6",
      "resolved": "https://registry.npmjs.org/cookie-parser/-/cookie-parser-1.4.6.tgz",
      "integrity": "sha512-... (omitted for brevity)"
    },
    "node_modules/express": {
      "version": "4.18.2",
      "resolved": "https://registry.npmjs.org/express/-/express-4.18.2.tgz",
      "integrity": "sha512-... (omitted for brevity)"
    },
    "node_modules/tough-cookie": {
      "version": "4.1.3",
      "resolved": "https://registry.npmjs.org/tough-cookie/-/tough-cookie-4.1.3.tgz",
      "integrity": "sha512-W8y4dtGrltA7U5Zg6PklDgS2iU8v1XuTWSkhM6RlmFZJoDCRQY3FzFF3DUC3oRzYYRMkpEKrRxBDp+bHng0Eow=="
    },
    "node_modules/ws": {
      "version": "8.13.0",
      "resolved": "https://registry.npmjs.org/ws/-/ws-8.13.0.tgz",
      "integrity": "sha512-... (omitted for brevity)"
    }
  }
}
